// !$*UTF8*$!
{
	archiveVersion = 1;
	classes = {
	};
	objectVersion = 48;
	objects = {

/* Begin PBXBuildFile section */
		F8B9F2961FF7BFC2005E8C61 /* AppDelegate.swift in Sources */ = {isa = PBXBuildFile; fileRef = F8B9F2951FF7BFC2005E8C61 /* AppDelegate.swift */; };
		F8B9F2981FF7BFC2005E8C61 /* ViewController.swift in Sources */ = {isa = PBXBuildFile; fileRef = F8B9F2971FF7BFC2005E8C61 /* ViewController.swift */; };
		F8B9F29B1FF7BFC2005E8C61 /* Main.storyboard in Resources */ = {isa = PBXBuildFile; fileRef = F8B9F2991FF7BFC2005E8C61 /* Main.storyboard */; };
		F8B9F29D1FF7BFC2005E8C61 /* Assets.xcassets in Resources */ = {isa = PBXBuildFile; fileRef = F8B9F29C1FF7BFC2005E8C61 /* Assets.xcassets */; };
		F8B9F2A01FF7BFC2005E8C61 /* LaunchScreen.storyboard in Resources */ = {isa = PBXBuildFile; fileRef = F8B9F29E1FF7BFC2005E8C61 /* LaunchScreen.storyboard */; };
		F8B9F2A91FF7C17C005E8C61 /* DetailViewController.swift in Sources */ = {isa = PBXBuildFile; fileRef = F8B9F2A81FF7C17C005E8C61 /* DetailViewController.swift */; };
		F8B9F2AB1FF7C1FF005E8C61 /* ItemTableViewCell.swift in Sources */ = {isa = PBXBuildFile; fileRef = F8B9F2AA1FF7C1FF005E8C61 /* ItemTableViewCell.swift */; };
		F8B9F2AD1FF7C226005E8C61 /* ItemModel.swift in Sources */ = {isa = PBXBuildFile; fileRef = F8B9F2AC1FF7C226005E8C61 /* ItemModel.swift */; };
/* End PBXBuildFile section */

/* Begin PBXFileReference section */
		F8B9F2921FF7BFC2005E8C61 /* WeatherApp.app */ = {isa = PBXFileReference; explicitFileType = wrapper.application; includeInIndex = 0; path = WeatherApp.app; sourceTree = BUILT_PRODUCTS_DIR; };
		F8B9F2951FF7BFC2005E8C61 /* AppDelegate.swift */ = {isa = PBXFileReference; lastKnownFileType = sourcecode.swift; path = AppDelegate.swift; sourceTree = "<group>"; };
		F8B9F2971FF7BFC2005E8C61 /* ViewController.swift */ = {isa = PBXFileReference; lastKnownFileType = sourcecode.swift; path = ViewController.swift; sourceTree = "<group>"; };
		F8B9F29A1FF7BFC2005E8C61 /* Base */ = {isa = PBXFileReference; lastKnownFileType = file.storyboard; name = Base; path = Base.lproj/Main.storyboard; sourceTree = "<group>"; };
		F8B9F29C1FF7BFC2005E8C61 /* Assets.xcassets */ = {isa = PBXFileReference; lastKnownFileType = folder.assetcatalog; path = Assets.xcassets; sourceTree = "<group>"; };
		F8B9F29F1FF7BFC2005E8C61 /* Base */ = {isa = PBXFileReference; lastKnownFileType = file.storyboard; name = Base; path = Base.lproj/LaunchScreen.storyboard; sourceTree = "<group>"; };
		F8B9F2A11FF7BFC2005E8C61 /* Info.plist */ = {isa = PBXFileReference; lastKnownFileType = text.plist.xml; path = Info.plist; sourceTree = "<group>"; };
		F8B9F2A81FF7C17C005E8C61 /* DetailViewController.swift */ = {isa = PBXFileReference; lastKnownFileType = sourcecode.swift; path = DetailViewController.swift; sourceTree = "<group>"; };
		F8B9F2AA1FF7C1FF005E8C61 /* ItemTableViewCell.swift */ = {isa = PBXFileReference; lastKnownFileType = sourcecode.swift; path = ItemTableViewCell.swift; sourceTree = "<group>"; };
		F8B9F2AC1FF7C226005E8C61 /* ItemModel.swift */ = {isa = PBXFileReference; lastKnownFileType = sourcecode.swift; path = ItemModel.swift; sourceTree = "<group>"; };
/* End PBXFileReference section */

/* Begin PBXFrameworksBuildPhase section */
		F8B9F28F1FF7BFC2005E8C61 /* Frameworks */ = {
			isa = PBXFrameworksBuildPhase;
			buildActionMask = 2147483647;
			files = (
			);
			runOnlyForDeploymentPostprocessing = 0;
		};
/* End PBXFrameworksBuildPhase section */

/* Begin PBXGroup section */
		F8B9F2891FF7BFC2005E8C61 = {
			isa = PBXGroup;
			children = (
				F8B9F2941FF7BFC2005E8C61 /* WeatherApp */,
				F8B9F2931FF7BFC2005E8C61 /* Products */,
			);
			sourceTree = "<group>";
		};
		F8B9F2931FF7BFC2005E8C61 /* Products */ = {
			isa = PBXGroup;
			children = (
				F8B9F2921FF7BFC2005E8C61 /* WeatherApp.app */,
			);
			name = Products;
			sourceTree = "<group>";
		};
		F8B9F2941FF7BFC2005E8C61 /* WeatherApp */ = {
			isa = PBXGroup;
			children = (
				F8B9F2951FF7BFC2005E8C61 /* AppDelegate.swift */,
				F8B9F2B11FF7C78D005E8C61 /* Main */,
				F8B9F2A71FF7C14F005E8C61 /* Detail */,
				F8B9F2991FF7BFC2005E8C61 /* Main.storyboard */,
				F8B9F29C1FF7BFC2005E8C61 /* Assets.xcassets */,
				F8B9F29E1FF7BFC2005E8C61 /* LaunchScreen.storyboard */,
				F8B9F2A11FF7BFC2005E8C61 /* Info.plist */,
			);
			path = WeatherApp;
			sourceTree = "<group>";
		};
		F8B9F2A71FF7C14F005E8C61 /* Detail */ = {
			isa = PBXGroup;
			children = (
				F8B9F2B21FF7C79B005E8C61 /* Controller */,
			);
			path = Detail;
			sourceTree = "<group>";
		};
		F8B9F2AE1FF7C77A005E8C61 /* Model */ = {
			isa = PBXGroup;
			children = (
				F8B9F2AC1FF7C226005E8C61 /* ItemModel.swift */,
			);
			path = Model;
			sourceTree = "<group>";
		};
		F8B9F2AF1FF7C781005E8C61 /* View */ = {
			isa = PBXGroup;
			children = (
				F8B9F2AA1FF7C1FF005E8C61 /* ItemTableViewCell.swift */,
			);
			path = View;
			sourceTree = "<group>";
		};
		F8B9F2B01FF7C786005E8C61 /* Controller */ = {
			isa = PBXGroup;
			children = (
				F8B9F2971FF7BFC2005E8C61 /* ViewController.swift */,
			);
			path = Controller;
			sourceTree = "<group>";
		};
		F8B9F2B11FF7C78D005E8C61 /* Main */ = {
			isa = PBXGroup;
			children = (
				F8B9F2AE1FF7C77A005E8C61 /* Model */,
				F8B9F2AF1FF7C781005E8C61 /* View */,
				F8B9F2B01FF7C786005E8C61 /* Controller */,
			);
			path = Main;
			sourceTree = "<group>";
		};
		F8B9F2B21FF7C79B005E8C61 /* Controller */ = {
			isa = PBXGroup;
			children = (
				F8B9F2A81FF7C17C005E8C61 /* DetailViewController.swift */,
			);
			path = Controller;
			sourceTree = "<group>";
		};
/* End PBXGroup section */

/* Begin PBXNativeTarget section */
		F8B9F2911FF7BFC2005E8C61 /* WeatherApp */ = {
			isa = PBXNativeTarget;
			buildConfigurationList = F8B9F2A41FF7BFC2005E8C61 /* Build configuration list for PBXNativeTarget "WeatherApp" */;
			buildPhases = (
				F8B9F28E1FF7BFC2005E8C61 /* Sources */,
				F8B9F28F1FF7BFC2005E8C61 /* Frameworks */,
				F8B9F2901FF7BFC2005E8C61 /* Resources */,
			);
			buildRules = (
			);
			dependencies = (
			);
			name = WeatherApp;
			productName = WeatherApp;
			productReference = F8B9F2921FF7BFC2005E8C61 /* WeatherApp.app */;
			productType = "com.apple.product-type.application";
		};
/* End PBXNativeTarget section */

/* Begin PBXProject section */
		F8B9F28A1FF7BFC2005E8C61 /* Project object */ = {
			isa = PBXProject;
			attributes = {
				LastSwiftUpdateCheck = 0920;
				LastUpgradeCheck = 0920;
				ORGANIZATIONNAME = "Ganesh Kafle";
				TargetAttributes = {
					F8B9F2911FF7BFC2005E8C61 = {
						CreatedOnToolsVersion = 9.2;
						ProvisioningStyle = Automatic;
					};
				};
			};
			buildConfigurationList = F8B9F28D1FF7BFC2005E8C61 /* Build configuration list for PBXProject "WeatherApp" */;
			compatibilityVersion = "Xcode 8.0";
			developmentRegion = en;
			hasScannedForEncodings = 0;
			knownRegions = (
				en,
				Base,
			);
			mainGroup = F8B9F2891FF7BFC2005E8C61;
			productRefGroup = F8B9F2931FF7BFC2005E8C61 /* Products */;
			projectDirPath = "";
			projectRoot = "";
			targets = (
				F8B9F2911FF7BFC2005E8C61 /* WeatherApp */,
			);
		};
/* End PBXProject section */

/* Begin PBXResourcesBuildPhase section */
		F8B9F2901FF7BFC2005E8C61 /* Resources */ = {
			isa = PBXResourcesBuildPhase;
			buildActionMask = 2147483647;
			files = (
				F8B9F2A01FF7BFC2005E8C61 /* LaunchScreen.storyboard in Resources */,
				F8B9F29D1FF7BFC2005E8C61 /* Assets.xcassets in Resources */,
				F8B9F29B1FF7BFC2005E8C61 /* Main.storyboard in Resources */,
			);
			runOnlyForDeploymentPostprocessing = 0;
		};
/* End PBXResourcesBuildPhase section */

/* Begin PBXSourcesBuildPhase section */
		F8B9F28E1FF7BFC2005E8C61 /* Sources */ = {
			isa = PBXSourcesBuildPhase;
			buildActionMask = 2147483647;
			files = (
				F8B9F2AD1FF7C226005E8C61 /* ItemModel.swift in Sources */,
				F8B9F2AB1FF7C1FF005E8C61 /* ItemTableViewCell.swift in Sources */,
				F8B9F2A91FF7C17C005E8C61 /* DetailViewController.swift in Sources */,
				F8B9F2981FF7BFC2005E8C61 /* ViewController.swift in Sources */,
				F8B9F2961FF7BFC2005E8C61 /* AppDelegate.swift in Sources */,
			);
			runOnlyForDeploymentPostprocessing = 0;
		};
/* End PBXSourcesBuildPhase section */

/* Begin PBXVariantGroup section */
		F8B9F2991FF7BFC2005E8C61 /* Main.storyboard */ = {
			isa = PBXVariantGroup;
			children = (
				F8B9F29A1FF7BFC2005E8C61 /* Base */,
			);
			name = Main.storyboard;
			sourceTree = "<group>";
		};
		F8B9F29E1FF7BFC2005E8C61 /* LaunchScreen.storyboard */ = {
			isa = PBXVariantGroup;
			children = (
				F8B9F29F1FF7BFC2005E8C61 /* Base */,
			);
			name = LaunchScreen.storyboard;
			sourceTree = "<group>";
		};
/* End PBXVariantGroup section */

/* Begin XCBuildConfiguration section */
		F8B9F2A21FF7BFC2005E8C61 /* Debug */ = {
			isa = XCBuildConfiguration;
			buildSettings = {
				ALWAYS_SEARCH_USER_PATHS = NO;
				CLANG_ANALYZER_NONNULL = YES;
				CLANG_ANALYZER_NUMBER_OBJECT_CONVERSION = YES_AGGRESSIVE;
				CLANG_CXX_LANGUAGE_STANDARD = "gnu++14";
				CLANG_CXX_LIBRARY = "libc++";
				CLANG_ENABLE_MODULES = YES;
				CLANG_ENABLE_OBJC_ARC = YES;
				CLANG_WARN_BLOCK_CAPTURE_AUTORELEASING = YES;
				CLANG_WARN_BOOL_CONVERSION = YES;
				CLANG_WARN_COMMA = YES;
				CLANG_WARN_CONSTANT_CONVERSION = YES;
				CLANG_WARN_DIRECT_OBJC_ISA_USAGE = YES_ERROR;
				CLANG_WARN_DOCUMENTATION_COMMENTS = YES;
				CLANG_WARN_EMPTY_BODY = YES;
				CLANG_WARN_ENUM_CONVERSION = YES;
				CLANG_WARN_INFINITE_RECURSION = YES;
				CLANG_WARN_INT_CONVERSION = YES;
				CLANG_WARN_NON_LITERAL_NULL_CONVERSION = YES;
				CLANG_WARN_OBJC_LITERAL_CONVERSION = YES;
				CLANG_WARN_OBJC_ROOT_CLASS = YES_ERROR;
				CLANG_WARN_RANGE_LOOP_ANALYSIS = YES;
				CLANG_WARN_STRICT_PROTOTYPES = YES;
				CLANG_WARN_SUSPICIOUS_MOVE = YES;
				CLANG_WARN_UNGUARDED_AVAILABILITY = YES_AGGRESSIVE;
				CLANG_WARN_UNREACHABLE_CODE = YES;
				CLANG_WARN__DUPLICATE_METHOD_MATCH = YES;
				CODE_SIGN_IDENTITY = "iPhone Developer";
				COPY_PHASE_STRIP = NO;
				DEBUG_INFORMATION_FORMAT = dwarf;
				ENABLE_STRICT_OBJC_MSGSEND = YES;
				ENABLE_TESTABILITY = YES;
				GCC_C_LANGUAGE_STANDARD = gnu11;
				GCC_DYNAMIC_NO_PIC = NO;
				GCC_NO_COMMON_BLOCKS = YES;
				GCC_OPTIMIZATION_LEVEL = 0;
				GCC_PREPROCESSOR_DEFINITIONS = (
					"DEBUG=1",
					"$(inherited)",
				);
				GCC_WARN_64_TO_32_BIT_CONVERSION = YES;
				GCC_WARN_ABOUT_RETURN_TYPE = YES_ERROR;
				GCC_WARN_UNDECLARED_SELECTOR = YES;
				GCC_WARN_UNINITIALIZED_AUTOS = YES_AGGRESSIVE;
				GCC_WARN_UNUSED_FUNCTION = YES;
				GCC_WARN_UNUSED_VARIABLE = YES;
				IPHONEOS_DEPLOYMENT_TARGET = 11.2;
				MTL_ENABLE_DEBUG_INFO = YES;
				ONLY_ACTIVE_ARCH = YES;
				SDKROOT = iphoneos;
				SWIFT_ACTIVE_COMPILATION_CONDITIONS = DEBUG;
				SWIFT_OPTIMIZATION_LEVEL = "-Onone";
			};
			name = Debug;
		};
		F8B9F2A31FF7BFC2005E8C61 /* Release */ = {
			isa = XCBuildConfiguration;
			buildSettings = {
				ALWAYS_SEARCH_USER_PATHS = NO;
				CLANG_ANALYZER_NONNULL = YES;
				CLANG_ANALYZER_NUMBER_OBJECT_CONVERSION = YES_AGGRESSIVE;
				CLANG_CXX_LANGUAGE_STANDARD = "gnu++14";
				CLANG_CXX_LIBRARY = "libc++";
				CLANG_ENABLE_MODULES = YES;
				CLANG_ENABLE_OBJC_ARC = YES;
				CLANG_WARN_BLOCK_CAPTURE_AUTORELEASING = YES;
				CLANG_WARN_BOOL_CONVERSION = YES;
				CLANG_WARN_COMMA = YES;
				CLANG_WARN_CONSTANT_CONVERSION = YES;
				CLANG_WARN_DIRECT_OBJC_ISA_USAGE = YES_ERROR;
				CLANG_WARN_DOCUMENTATION_COMMENTS = YES;
				CLANG_WARN_EMPTY_BODY = YES;
				CLANG_WARN_ENUM_CONVERSION = YES;
				CLANG_WARN_INFINITE_RECURSION = YES;
				CLANG_WARN_INT_CONVERSION = YES;
				CLANG_WARN_NON_LITERAL_NULL_CONVERSION = YES;
				CLANG_WARN_OBJC_LITERAL_CONVERSION = YES;
				CLANG_WARN_OBJC_ROOT_CLASS = YES_ERROR;
				CLANG_WARN_RANGE_LOOP_ANALYSIS = YES;
				CLANG_WARN_STRICT_PROTOTYPES = YES;
				CLANG_WARN_SUSPICIOUS_MOVE = YES;
				CLANG_WARN_UNGUARDED_AVAILABILITY = YES_AGGRESSIVE;
				CLANG_WARN_UNREACHABLE_CODE = YES;
				CLANG_WARN__DUPLICATE_METHOD_MATCH = YES;
				CODE_SIGN_IDENTITY = "iPhone Developer";
				COPY_PHASE_STRIP = NO;
				DEBUG_INFORMATION_FORMAT = "dwarf-with-dsym";
				ENABLE_NS_ASSERTIONS = NO;
				ENABLE_STRICT_OBJC_MSGSEND = YES;
				GCC_C_LANGUAGE_STANDARD = gnu11;
				GCC_NO_COMMON_BLOCKS = YES;
				GCC_WARN_64_TO_32_BIT_CONVERSION = YES;
				GCC_WARN_ABOUT_RETURN_TYPE = YES_ERROR;
				GCC_WARN_UNDECLARED_SELECTOR = YES;
				GCC_WARN_UNINITIALIZED_AUTOS = YES_AGGRESSIVE;
				GCC_WARN_UNUSED_FUNCTION = YES;
				GCC_WARN_UNUSED_VARIABLE = YES;
				IPHONEOS_DEPLOYMENT_TARGET = 11.2;
				MTL_ENABLE_DEBUG_INFO = NO;
				SDKROOT = iphoneos;
				SWIFT_OPTIMIZATION_LEVEL = "-Owholemodule";
				VALIDATE_PRODUCT = YES;
			};
			name = Release;
		};
		F8B9F2A51FF7BFC2005E8C61 /* Debug */ = {
			isa = XCBuildConfiguration;
			buildSettings = {
				ASSETCATALOG_COMPILER_APPICON_NAME = AppIcon;
				CODE_SIGN_STYLE = Automatic;
				INFOPLIST_FILE = WeatherApp/Info.plist;
				LD_RUNPATH_SEARCH_PATHS = "$(inherited) @executable_path/Frameworks";
				PRODUCT_BUNDLE_IDENTIFIER = com.iOS.WeatherApp;
				PRODUCT_NAME = "$(TARGET_NAME)";
				SWIFT_VERSION = 4.0;
				TARGETED_DEVICE_FAMILY = "1,2";
			};
			name = Debug;
		};
		F8B9F2A61FF7BFC2005E8C61 /* Release */ = {
			isa = XCBuildConfiguration;
			buildSettings = {
				ASSETCATALOG_COMPILER_APPICON_NAME = AppIcon;
				CODE_SIGN_STYLE = Automatic;
				INFOPLIST_FILE = WeatherApp/Info.plist;
				LD_RUNPATH_SEARCH_PATHS = "$(inherited) @executable_path/Frameworks";
				PRODUCT_BUNDLE_IDENTIFIER = com.iOS.WeatherApp;
				PRODUCT_NAME = "$(TARGET_NAME)";
				SWIFT_VERSION = 4.0;
				TARGETED_DEVICE_FAMILY = "1,2";
			};
			name = Release;
		};
/* End XCBuildConfiguration section */

/* Begin XCConfigurationList section */
		F8B9F28D1FF7BFC2005E8C61 /* Build configuration list for PBXProject "WeatherApp" */ = {
			isa = XCConfigurationList;
			buildConfigurations = (
				F8B9F2A21FF7BFC2005E8C61 /* Debug */,
				F8B9F2A31FF7BFC2005E8C61 /* Release */,
			);
			defaultConfigurationIsVisible = 0;
			defaultConfigurationName = Release;
		};
		F8B9F2A41FF7BFC2005E8C61 /* Build configuration list for PBXNativeTarget "WeatherApp" */ = {
			isa = XCConfigurationList;
			buildConfigurations = (
				F8B9F2A51FF7BFC2005E8C61 /* Debug */,
				F8B9F2A61FF7BFC2005E8C61 /* Release */,
			);
			defaultConfigurationIsVisible = 0;
			defaultConfigurationName = Release;
		};
/* End XCConfigurationList section */
	};
	rootObject = F8B9F28A1FF7BFC2005E8C61 /* Project object */;
}
